# This file is automatically @generated by Cargo.
# It is not intended for manual editing.
version = 3

[[package]]
name = "avltriee"
version = "0.15.0"
source = "registry+https://github.com/rust-lang/crates.io-index"
checksum = "95eb68634fd192ca25b901b38b09159dacdc97f5fbc385e1fcdb10aac54c5e13"

[[package]]
name = "file_mmap"
version = "0.4.1"
source = "registry+https://github.com/rust-lang/crates.io-index"
checksum = "60f8d39ff81ce13c00cac546314f0af54c14f0d914e54a232501733d062f6b9f"
dependencies = [
 "memmap2",
]

[[package]]
name = "idx_sized"
version = "0.11.1"
dependencies = [
 "avltriee",
 "file_mmap",
]

[[package]]
name = "libc"
version = "0.2.134"
source = "registry+https://github.com/rust-lang/crates.io-index"
checksum = "329c933548736bc49fd575ee68c89e8be4d260064184389a5b77517cddd99ffb"

[[package]]
name = "memmap2"
version = "0.5.7"
source = "registry+https://github.com/rust-lang/crates.io-index"
checksum = "95af15f345b17af2efc8ead6080fb8bc376f8cec1b35277b935637595fe77498"
dependencies = [
 "libc",
]
